
Microsoft Visual Studio Solution File, Format Version 12.00
# Visual Studio Version 16
VisualStudioVersion = 16.0.29306.81
MinimumVisualStudioVersion = 10.0.40219.1
Project("{FAE04EC0-301F-11D3-BF4B-00C04F79EFBC}") = "Lab6DiceGameThis", "Lab6DiceGameThis\Lab6DiceGameThis.csproj", "{EAA6F3B9-67D1-46DE-90B2-06C64EF2FE78}"
EndProject
Global
	GlobalSection(SolutionConfigurationPlatforms) = preSolution
		Debug|Any CPU = Debug|Any CPU
		Release|Any CPU = Release|Any CPU
	EndGlobalSection
	GlobalSection(ProjectConfigurationPlatforms) = postSolution
		{EAA6F3B9-67D1-46DE-90B2-06C64EF2FE78}.Debug|Any CPU.ActiveCfg = Debug|Any CPU
		{EAA6F3B9-67D1-46DE-90B2-06C64EF2FE78}.Debug|Any CPU.Build.0 = Debug|Any CPU
		{EAA6F3B9-67D1-46DE-90B2-06C64EF2FE78}.Release|Any CPU.ActiveCfg = Release|Any CPU
		{EAA6F3B9-67D1-46DE-90B2-06C64EF2FE78}.Release|Any CPU.Build.0 = Release|Any CPU
	EndGlobalSection
	GlobalSection(SolutionProperties) = preSolution
		HideSolutionNode = FALSE
	EndGlobalSection
	GlobalSection(ExtensibilityGlobals) = postSolution
		SolutionGuid = {19E3477E-3608-4B6D-8C39-33EF3540695B}
	EndGlobalSection
EndGlobal
